
Microsoft Visual Studio Solution File, Format Version 12.00
# Visual Studio Version 16
VisualStudioVersion = 16.0.30907.101
MinimumVisualStudioVersion = 10.0.40219.1
Project("{FAE04EC0-301F-11D3-BF4B-00C04F79EFBC}") = "Test1.UWP", "Test1\Test1.UWP\Test1.UWP.csproj", "{D8B9A903-F383-4056-8602-CED9BACACAA1}"
EndProject
Project("{FAE04EC0-301F-11D3-BF4B-00C04F79EFBC}") = "Test1.Android", "Test1\Test1.Android\Test1.Android.csproj", "{4AFA3C9B-4A96-4AB3-BC18-FB78A194F2D0}"
EndProject
Project("{FAE04EC0-301F-11D3-BF4B-00C04F79EFBC}") = "Test1.iOS", "Test1\Test1.iOS\Test1.iOS.csproj", "{FE694D8F-26C1-4A7D-A8DD-DB49E0E15DDC}"
EndProject
Project("{FAE04EC0-301F-11D3-BF4B-00C04F79EFBC}") = "Test1", "Test1\Test1\Test1.csproj", "{EE3BE1F5-F97B-444F-8BF2-8F5762E9C849}"
EndProject
Global
	GlobalSection(SolutionConfigurationPlatforms) = preSolution
		Debug|Any CPU = Debug|Any CPU
		Debug|ARM = Debug|ARM
		Debug|iPhone = Debug|iPhone
		Debug|iPhoneSimulator = Debug|iPhoneSimulator
		Debug|x64 = Debug|x64
		Debug|x86 = Debug|x86
		Release|Any CPU = Release|Any CPU
		Release|ARM = Release|ARM
		Release|iPhone = Release|iPhone
		Release|iPhoneSimulator = Release|iPhoneSimulator
		Release|x64 = Release|x64
		Release|x86 = Release|x86
	EndGlobalSection
	GlobalSection(ProjectConfigurationPlatforms) = postSolution
		{D8B9A903-F383-4056-8602-CED9BACACAA1}.Debug|Any CPU.ActiveCfg = Debug|x86
		{D8B9A903-F383-4056-8602-CED9BACACAA1}.Debug|Any CPU.Build.0 = Debug|x86
		{D8B9A903-F383-4056-8602-CED9BACACAA1}.Debug|Any CPU.Deploy.0 = Debug|x86
		{D8B9A903-F383-4056-8602-CED9BACACAA1}.Debug|ARM.ActiveCfg = Debug|ARM
		{D8B9A903-F383-4056-8602-CED9BACACAA1}.Debug|ARM.Build.0 = Debug|ARM
		{D8B9A903-F383-4056-8602-CED9BACACAA1}.Debug|ARM.Deploy.0 = Debug|ARM
		{D8B9A903-F383-4056-8602-CED9BACACAA1}.Debug|iPhone.ActiveCfg = Debug|x86
		{D8B9A903-F383-4056-8602-CED9BACACAA1}.Debug|iPhone.Build.0 = Debug|x86
		{D8B9A903-F383-4056-8602-CED9BACACAA1}.Debug|iPhone.Deploy.0 = Debug|x86
		{D8B9A903-F383-4056-8602-CED9BACACAA1}.Debug|iPhoneSimulator.ActiveCfg = Debug|x86
		{D8B9A903-F383-4056-8602-CED9BACACAA1}.Debug|iPhoneSimulator.Build.0 = Debug|x86
		{D8B9A903-F383-4056-8602-CED9BACACAA1}.Debug|iPhoneSimulator.Deploy.0 = Debug|x86
		{D8B9A903-F383-4056-8602-CED9BACACAA1}.Debug|x64.ActiveCfg = Debug|x64
		{D8B9A903-F383-4056-8602-CED9BACACAA1}.Debug|x64.Build.0 = Debug|x64
		{D8B9A903-F383-4056-8602-CED9BACACAA1}.Debug|x64.Deploy.0 = Debug|x64
		{D8B9A903-F383-4056-8602-CED9BACACAA1}.Debug|x86.ActiveCfg = Debug|x86
		{D8B9A903-F383-4056-8602-CED9BACACAA1}.Debug|x86.Build.0 = Debug|x86
		{D8B9A903-F383-4056-8602-CED9BACACAA1}.Debug|x86.Deploy.0 = Debug|x86
		{D8B9A903-F383-4056-8602-CED9BACACAA1}.Release|Any CPU.ActiveCfg = Release|x86
		{D8B9A903-F383-4056-8602-CED9BACACAA1}.Release|Any CPU.Build.0 = Release|x86
		{D8B9A903-F383-4056-8602-CED9BACACAA1}.Release|Any CPU.Deploy.0 = Release|x86
		{D8B9A903-F383-4056-8602-CED9BACACAA1}.Release|ARM.ActiveCfg = Release|ARM
		{D8B9A903-F383-4056-8602-CED9BACACAA1}.Release|ARM.Build.0 = Release|ARM
		{D8B9A903-F383-4056-8602-CED9BACACAA1}.Release|ARM.Deploy.0 = Release|ARM
		{D8B9A903-F383-4056-8602-CED9BACACAA1}.Release|iPhone.ActiveCfg = Release|x86
		{D8B9A903-F383-4056-8602-CED9BACACAA1}.Release|iPhone.Build.0 = Release|x86
		{D8B9A903-F383-4056-8602-CED9BACACAA1}.Release|iPhone.Deploy.0 = Release|x86
		{D8B9A903-F383-4056-8602-CED9BACACAA1}.Release|iPhoneSimulator.ActiveCfg = Release|x86
		{D8B9A903-F383-4056-8602-CED9BACACAA1}.Release|iPhoneSimulator.Build.0 = Release|x86
		{D8B9A903-F383-4056-8602-CED9BACACAA1}.Release|iPhoneSimulator.Deploy.0 = Release|x86
		{D8B9A903-F383-4056-8602-CED9BACACAA1}.Release|x64.ActiveCfg = Release|x64
		{D8B9A903-F383-4056-8602-CED9BACACAA1}.Release|x64.Build.0 = Release|x64
		{D8B9A903-F383-4056-8602-CED9BACACAA1}.Release|x64.Deploy.0 = Release|x64
		{D8B9A903-F383-4056-8602-CED9BACACAA1}.Release|x86.ActiveCfg = Release|x86
		{D8B9A903-F383-4056-8602-CED9BACACAA1}.Release|x86.Build.0 = Release|x86
		{D8B9A903-F383-4056-8602-CED9BACACAA1}.Release|x86.Deploy.0 = Release|x86
		{4AFA3C9B-4A96-4AB3-BC18-FB78A194F2D0}.Debug|Any CPU.ActiveCfg = Debug|Any CPU
		{4AFA3C9B-4A96-4AB3-BC18-FB78A194F2D0}.Debug|Any CPU.Build.0 = Debug|Any CPU
		{4AFA3C9B-4A96-4AB3-BC18-FB78A194F2D0}.Debug|Any CPU.Deploy.0 = Debug|Any CPU
		{4AFA3C9B-4A96-4AB3-BC18-FB78A194F2D0}.Debug|ARM.ActiveCfg = Debug|Any CPU
		{4AFA3C9B-4A96-4AB3-BC18-FB78A194F2D0}.Debug|ARM.Build.0 = Debug|Any CPU
		{4AFA3C9B-4A96-4AB3-BC18-FB78A194F2D0}.Debug|ARM.Deploy.0 = Debug|Any CPU
		{4AFA3C9B-4A96-4AB3-BC18-FB78A194F2D0}.Debug|iPhone.ActiveCfg = Debug|Any CPU
		{4AFA3C9B-4A96-4AB3-BC18-FB78A194F2D0}.Debug|iPhone.Build.0 = Debug|Any CPU
		{4AFA3C9B-4A96-4AB3-BC18-FB78A194F2D0}.Debug|iPhone.Deploy.0 = Debug|Any CPU
		{4AFA3C9B-4A96-4AB3-BC18-FB78A194F2D0}.Debug|iPhoneSimulator.ActiveCfg = Debug|Any CPU
		{4AFA3C9B-4A96-4AB3-BC18-FB78A194F2D0}.Debug|iPhoneSimulator.Build.0 = Debug|Any CPU
		{4AFA3C9B-4A96-4AB3-BC18-FB78A194F2D0}.Debug|iPhoneSimulator.Deploy.0 = Debug|Any CPU
		{4AFA3C9B-4A96-4AB3-BC18-FB78A194F2D0}.Debug|x64.ActiveCfg = Debug|Any CPU
		{4AFA3C9B-4A96-4AB3-BC18-FB78A194F2D0}.Debug|x64.Build.0 = Debug|Any CPU
		{4AFA3C9B-4A96-4AB3-BC18-FB78A194F2D0}.Debug|x64.Deploy.0 = Debug|Any CPU
		{4AFA3C9B-4A96-4AB3-BC18-FB78A194F2D0}.Debug|x86.ActiveCfg = Debug|Any CPU
		{4AFA3C9B-4A96-4AB3-BC18-FB78A194F2D0}.Debug|x86.Build.0 = Debug|Any CPU
		{4AFA3C9B-4A96-4AB3-BC18-FB78A194F2D0}.Debug|x86.Deploy.0 = Debug|Any CPU
		{4AFA3C9B-4A96-4AB3-BC18-FB78A194F2D0}.Release|Any CPU.ActiveCfg = Release|Any CPU
		{4AFA3C9B-4A96-4AB3-BC18-FB78A194F2D0}.Release|Any CPU.Build.0 = Release|Any CPU
		{4AFA3C9B-4A96-4AB3-BC18-FB78A194F2D0}.Release|Any CPU.Deploy.0 = Release|Any CPU
		{4AFA3C9B-4A96-4AB3-BC18-FB78A194F2D0}.Release|ARM.ActiveCfg = Release|Any CPU
		{4AFA3C9B-4A96-4AB3-BC18-FB78A194F2D0}.Release|ARM.Build.0 = Release|Any CPU
		{4AFA3C9B-4A96-4AB3-BC18-FB78A194F2D0}.Release|ARM.Deploy.0 = Release|Any CPU
		{4AFA3C9B-4A96-4AB3-BC18-FB78A194F2D0}.Release|iPhone.ActiveCfg = Release|Any CPU
		{4AFA3C9B-4A96-4AB3-BC18-FB78A194F2D0}.Release|iPhone.Build.0 = Release|Any CPU
		{4AFA3C9B-4A96-4AB3-BC18-FB78A194F2D0}.Release|iPhone.Deploy.0 = Release|Any CPU
		{4AFA3C9B-4A96-4AB3-BC18-FB78A194F2D0}.Release|iPhoneSimulator.ActiveCfg = Release|Any CPU
		{4AFA3C9B-4A96-4AB3-BC18-FB78A194F2D0}.Release|iPhoneSimulator.Build.0 = Release|Any CPU
		{4AFA3C9B-4A96-4AB3-BC18-FB78A194F2D0}.Release|iPhoneSimulator.Deploy.0 = Release|Any CPU
		{4AFA3C9B-4A96-4AB3-BC18-FB78A194F2D0}.Release|x64.ActiveCfg = Release|Any CPU
		{4AFA3C9B-4A96-4AB3-BC18-FB78A194F2D0}.Release|x64.Build.0 = Release|Any CPU
		{4AFA3C9B-4A96-4AB3-BC18-FB78A194F2D0}.Release|x64.Deploy.0 = Release|Any CPU
		{4AFA3C9B-4A96-4AB3-BC18-FB78A194F2D0}.Release|x86.ActiveCfg = Release|Any CPU
		{4AFA3C9B-4A96-4AB3-BC18-FB78A194F2D0}.Release|x86.Build.0 = Release|Any CPU
		{4AFA3C9B-4A96-4AB3-BC18-FB78A194F2D0}.Release|x86.Deploy.0 = Release|Any CPU
		{FE694D8F-26C1-4A7D-A8DD-DB49E0E15DDC}.Debug|Any CPU.ActiveCfg = Debug|iPhoneSimulator
		{FE694D8F-26C1-4A7D-A8DD-DB49E0E15DDC}.Debug|Any CPU.Build.0 = Debug|iPhoneSimulator
		{FE694D8F-26C1-4A7D-A8DD-DB49E0E15DDC}.Debug|Any CPU.Deploy.0 = Debug|iPhoneSimulator
		{FE694D8F-26C1-4A7D-A8DD-DB49E0E15DDC}.Debug|ARM.ActiveCfg = Debug|iPhone
		{FE694D8F-26C1-4A7D-A8DD-DB49E0E15DDC}.Debug|ARM.Build.0 = Debug|iPhone
		{FE694D8F-26C1-4A7D-A8DD-DB49E0E15DDC}.Debug|ARM.Deploy.0 = Debug|iPhone
		{FE694D8F-26C1-4A7D-A8DD-DB49E0E15DDC}.Debug|iPhone.ActiveCfg = Debug|iPhone
		{FE694D8F-26C1-4A7D-A8DD-DB49E0E15DDC}.Debug|iPhone.Build.0 = Debug|iPhone
		{FE694D8F-26C1-4A7D-A8DD-DB49E0E15DDC}.Debug|iPhone.Deploy.0 = Debug|iPhone
		{FE694D8F-26C1-4A7D-A8DD-DB49E0E15DDC}.Debug|iPhoneSimulator.ActiveCfg = Debug|iPhoneSimulator
		{FE694D8F-26C1-4A7D-A8DD-DB49E0E15DDC}.Debug|iPhoneSimulator.Build.0 = Debug|iPhoneSimulator
		{FE694D8F-26C1-4A7D-A8DD-DB49E0E15DDC}.Debug|iPhoneSimulator.Deploy.0 = Debug|iPhoneSimulator
		{FE694D8F-26C1-4A7D-A8DD-DB49E0E15DDC}.Debug|x64.ActiveCfg = Debug|iPhoneSimulator
		{FE694D8F-26C1-4A7D-A8DD-DB49E0E15DDC}.Debug|x64.Build.0 = Debug|iPhoneSimulator
		{FE694D8F-26C1-4A7D-A8DD-DB49E0E15DDC}.Debug|x64.Deploy.0 = Debug|iPhoneSimulator
		{FE694D8F-26C1-4A7D-A8DD-DB49E0E15DDC}.Debug|x86.ActiveCfg = Debug|iPhoneSimulator
		{FE694D8F-26C1-4A7D-A8DD-DB49E0E15DDC}.Debug|x86.Build.0 = Debug|iPhoneSimulator
		{FE694D8F-26C1-4A7D-A8DD-DB49E0E15DDC}.Debug|x86.Deploy.0 = Debug|iPhoneSimulator
		{FE694D8F-26C1-4A7D-A8DD-DB49E0E15DDC}.Release|Any CPU.ActiveCfg = Release|iPhoneSimulator
		{FE694D8F-26C1-4A7D-A8DD-DB49E0E15DDC}.Release|Any CPU.Build.0 = Release|iPhoneSimulator
		{FE694D8F-26C1-4A7D-A8DD-DB49E0E15DDC}.Release|Any CPU.Deploy.0 = Release|iPhoneSimulator
		{FE694D8F-26C1-4A7D-A8DD-DB49E0E15DDC}.Release|ARM.ActiveCfg = Release|iPhoneSimulator
		{FE694D8F-26C1-4A7D-A8DD-DB49E0E15DDC}.Release|ARM.Build.0 = Release|iPhoneSimulator
		{FE694D8F-26C1-4A7D-A8DD-DB49E0E15DDC}.Release|ARM.Deploy.0 = Release|iPhoneSimulator
		{FE694D8F-26C1-4A7D-A8DD-DB49E0E15DDC}.Release|iPhone.ActiveCfg = Release|iPhone
		{FE694D8F-26C1-4A7D-A8DD-DB49E0E15DDC}.Release|iPhone.Build.0 = Release|iPhone
		{FE694D8F-26C1-4A7D-A8DD-DB49E0E15DDC}.Release|iPhone.Deploy.0 = Release|iPhone
		{FE694D8F-26C1-4A7D-A8DD-DB49E0E15DDC}.Release|iPhoneSimulator.ActiveCfg = Release|iPhoneSimulator
		{FE694D8F-26C1-4A7D-A8DD-DB49E0E15DDC}.Release|iPhoneSimulator.Build.0 = Release|iPhoneSimulator
		{FE694D8F-26C1-4A7D-A8DD-DB49E0E15DDC}.Release|iPhoneSimulator.Deploy.0 = Release|iPhoneSimulator
		{FE694D8F-26C1-4A7D-A8DD-DB49E0E15DDC}.Release|x64.ActiveCfg = Release|iPhoneSimulator
		{FE694D8F-26C1-4A7D-A8DD-DB49E0E15DDC}.Release|x64.Build.0 = Release|iPhoneSimulator
		{FE694D8F-26C1-4A7D-A8DD-DB49E0E15DDC}.Release|x64.Deploy.0 = Release|iPhoneSimulator
		{FE694D8F-26C1-4A7D-A8DD-DB49E0E15DDC}.Release|x86.ActiveCfg = Release|iPhoneSimulator
		{FE694D8F-26C1-4A7D-A8DD-DB49E0E15DDC}.Release|x86.Build.0 = Release|iPhoneSimulator
		{FE694D8F-26C1-4A7D-A8DD-DB49E0E15DDC}.Release|x86.Deploy.0 = Release|iPhoneSimulator
		{EE3BE1F5-F97B-444F-8BF2-8F5762E9C849}.Debug|Any CPU.ActiveCfg = Debug|Any CPU
		{EE3BE1F5-F97B-444F-8BF2-8F5762E9C849}.Debug|Any CPU.Build.0 = Debug|Any CPU
		{EE3BE1F5-F97B-444F-8BF2-8F5762E9C849}.Debug|Any CPU.Deploy.0 = Debug|Any CPU
		{EE3BE1F5-F97B-444F-8BF2-8F5762E9C849}.Debug|ARM.ActiveCfg = Debug|Any CPU
		{EE3BE1F5-F97B-444F-8BF2-8F5762E9C849}.Debug|ARM.Build.0 = Debug|Any CPU
		{EE3BE1F5-F97B-444F-8BF2-8F5762E9C849}.Debug|ARM.Deploy.0 = Debug|Any CPU
		{EE3BE1F5-F97B-444F-8BF2-8F5762E9C849}.Debug|iPhone.ActiveCfg = Debug|Any CPU
		{EE3BE1F5-F97B-444F-8BF2-8F5762E9C849}.Debug|iPhone.Build.0 = Debug|Any CPU
		{EE3BE1F5-F97B-444F-8BF2-8F5762E9C849}.Debug|iPhone.Deploy.0 = Debug|Any CPU
		{EE3BE1F5-F97B-444F-8BF2-8F5762E9C849}.Debug|iPhoneSimulator.ActiveCfg = Debug|Any CPU
		{EE3BE1F5-F97B-444F-8BF2-8F5762E9C849}.Debug|iPhoneSimulator.Build.0 = Debug|Any CPU
		{EE3BE1F5-F97B-444F-8BF2-8F5762E9C849}.Debug|iPhoneSimulator.Deploy.0 = Debug|Any CPU
		{EE3BE1F5-F97B-444F-8BF2-8F5762E9C849}.Debug|x64.ActiveCfg = Debug|Any CPU
		{EE3BE1F5-F97B-444F-8BF2-8F5762E9C849}.Debug|x64.Build.0 = Debug|Any CPU
		{EE3BE1F5-F97B-444F-8BF2-8F5762E9C849}.Debug|x64.Deploy.0 = Debug|Any CPU
		{EE3BE1F5-F97B-444F-8BF2-8F5762E9C849}.Debug|x86.ActiveCfg = Debug|Any CPU
		{EE3BE1F5-F97B-444F-8BF2-8F5762E9C849}.Debug|x86.Build.0 = Debug|Any CPU
		{EE3BE1F5-F97B-444F-8BF2-8F5762E9C849}.Debug|x86.Deploy.0 = Debug|Any CPU
		{EE3BE1F5-F97B-444F-8BF2-8F5762E9C849}.Release|Any CPU.ActiveCfg = Release|Any CPU
		{EE3BE1F5-F97B-444F-8BF2-8F5762E9C849}.Release|Any CPU.Build.0 = Release|Any CPU
		{EE3BE1F5-F97B-444F-8BF2-8F5762E9C849}.Release|Any CPU.Deploy.0 = Release|Any CPU
		{EE3BE1F5-F97B-444F-8BF2-8F5762E9C849}.Release|ARM.ActiveCfg = Release|Any CPU
		{EE3BE1F5-F97B-444F-8BF2-8F5762E9C849}.Release|ARM.Build.0 = Release|Any CPU
		{EE3BE1F5-F97B-444F-8BF2-8F5762E9C849}.Release|ARM.Deploy.0 = Release|Any CPU
		{EE3BE1F5-F97B-444F-8BF2-8F5762E9C849}.Release|iPhone.ActiveCfg = Release|Any CPU
		{EE3BE1F5-F97B-444F-8BF2-8F5762E9C849}.Release|iPhone.Build.0 = Release|Any CPU
		{EE3BE1F5-F97B-444F-8BF2-8F5762E9C849}.Release|iPhone.Deploy.0 = Release|Any CPU
		{EE3BE1F5-F97B-444F-8BF2-8F5762E9C849}.Release|iPhoneSimulator.ActiveCfg = Release|Any CPU
		{EE3BE1F5-F97B-444F-8BF2-8F5762E9C849}.Release|iPhoneSimulator.Build.0 = Release|Any CPU
		{EE3BE1F5-F97B-444F-8BF2-8F5762E9C849}.Release|iPhoneSimulator.Deploy.0 = Release|Any CPU
		{EE3BE1F5-F97B-444F-8BF2-8F5762E9C849}.Release|x64.ActiveCfg = Release|Any CPU
		{EE3BE1F5-F97B-444F-8BF2-8F5762E9C849}.Release|x64.Build.0 = Release|Any CPU
		{EE3BE1F5-F97B-444F-8BF2-8F5762E9C849}.Release|x64.Deploy.0 = Release|Any CPU
		{EE3BE1F5-F97B-444F-8BF2-8F5762E9C849}.Release|x86.ActiveCfg = Release|Any CPU
		{EE3BE1F5-F97B-444F-8BF2-8F5762E9C849}.Release|x86.Build.0 = Release|Any CPU
		{EE3BE1F5-F97B-444F-8BF2-8F5762E9C849}.Release|x86.Deploy.0 = Release|Any CPU
	EndGlobalSection
	GlobalSection(SolutionProperties) = preSolution
		HideSolutionNode = FALSE
	EndGlobalSection
	GlobalSection(ExtensibilityGlobals) = postSolution
		SolutionGuid = {73AA2D0B-5A6C-4E04-AED4-C3408AB579A6}
	EndGlobalSection
EndGlobal
